# This file was autogenerated by uv via the following command:
#    uv export --extra dev --extra spark --no-emit-project --format requirements-txt --output-file requirements-dev.lock
ast-serialize==0.9.0 \
    --hash=sha256:1514f4a39704e2e815f9fc675fc13f19f694f212086b520110840782cf3c5295 \
    --hash=sha256:161914666a21d48b681982146ac0fa4086ef099d91c637cf595387f5f06aa099 \
    --hash=sha256:1675dc46578298ae00936164a160997801a6ca2385913150d8d16df634296cf3 \
    --hash=sha256:19cde5c2110f7b90ab1210a599178524f6c9f34862b20ba2b9aa7832c67bb35d \
    --hash=sha256:1b779fdaee34d19900a5ba5fd6bd4cefe225650081f9de28de256eacee5113c2 \
    --hash=sha256:1de0933a4c1d104d77d6e75f053f5e628b54cf8f9fea809b8250cb04cda07bd3 \
    --hash=sha256:1e05701fde79affa1cc53e391867f9da3eb03fa8501f87354292796b0f8398fd \
    --hash=sha256:207ac73afa1f4654840593853c130eac2591dd942434176eea33f730afb3359b \
    --hash=sha256:20fce3885eeff05a3d6afefa845c8168016e3ea1f6fc9cdc84c8db28b863a550 \
    --hash=sha256:2223ead73b5a5399d39610cf9c4164ad0b2bf2025226626b87ae15226d93d3f7 \
    --hash=sha256:25c8d517c45cf2b1820fc2af6ac593783654818f79d05646d25d624360678a4e \
    --hash=sha256:30651ccdec6d23c49ee4711b1a1096d8dbd3be38eecf2f09fdd98a608ce7ac24 \
    --hash=sha256:383f56e3ae925f154632458f01b4bfcde3dd382f3ec04f5c7f6d72f76524ff48 \
    --hash=sha256:4411d1cba9eeecb301365343a7e96813b4a44fcdb20181557867ff7e751804cf \
    --hash=sha256:4c522377f383670abfe21c94edc3032cb3bd34d8fcacd280fa9556907d4edd4b \
    --hash=sha256:4cd886f6e900f5e13f758cb8ef359652e690e4f3f9c257a7269e095940534167 \
    --hash=sha256:4db7f524eaa857fbe650cac33b9cedb5ccda14393d40f640b75dfb06aa13c98c \
    --hash=sha256:54f0babed5e2a4eb86a0716ac612aff33f933e7572e5bc067adcdbe672a26321 \
    --hash=sha256:5a4dd005d4095a13eb312dc712c943c7730f262b000a87df963925328a38ffdb \
    --hash=sha256:6b7c5f5838408fb000d76abd14e886836412b7ec7eccd028dbb5ed5819780008 \
    --hash=sha256:6c428444656cffbd32c1e76626c6eec5237b58c8fcb0b5d3df75941cd50c4f3c \
    --hash=sha256:74473258a5c55855d5306c864a5c799fbff03a0f0ea1197346b2b5cc5b4ea48a \
    --hash=sha256:79fe8be1c934aa572940d1811d8dbe4d1b6f22291e3f16755c9b062e9ac92fb7 \
    --hash=sha256:871fb7c5b049897ee137b67efad7fe4545ad270f7eccd970da877833f8e63aa7 \
    --hash=sha256:9482672ca8ec09f85cd050a053fb88c30c882c8e20ce7a140d8defe19c0ef2eb \
    --hash=sha256:9ae01129e2cc5d57a3c434d8a990019de039350310a2e1dd3c9f61311964cf25 \
    --hash=sha256:a6a568d1d489f0669a31aed90ca4845aa7f08e1b8cd5d05e1905dbdc3ae9b2b0 \
    --hash=sha256:aed6e413c6c22a23c33c47a01dd2adce01d7a7ed408748e896903f47d0a1aa47 \
    --hash=sha256:b373beff65b01fcffca5aaad3269ae629f3a998b09efdd3635e48039008a5dec \
    --hash=sha256:b5c3724faf780e25def89c369eb6340a15dff06ac348160c61781e2373a4cd10 \
    --hash=sha256:b9ef3d4173907bd19aa8f1683be9f06e7862e6cdf2ca6bca3633305c0df32063 \
    --hash=sha256:bb378efb5537b43f38660e2e6d6e138a40885cf191d43443bb3ff7ff47e9cd9b \
    --hash=sha256:d013c36eb2f2ac0cb7d4d0e79918a92ab00fbce8f1542fe47f34a46e06168f82 \
    --hash=sha256:d2a37795a90809da6094825e7063118b4cf723b8701b134973b4566ed8b9ea09 \
    --hash=sha256:d9a46caf5e3f2cd266e8638b2f4ea8bf54cf376f015f8418397b4633fdb38e9b \
    --hash=sha256:dac690f99538d9df0d23ce0299e946add2744b007a36b480a292fe361c82553d \
    --hash=sha256:f3f0f3359cf0f22bf096b07021ffe6bf0ec88ac8a2cf7ce5f4701af973112faa
    # via mypy
build==1.6.0 \
    --hash=sha256:bd2c8afc603e7a2e0ce70e2ea85f0a6d02043bafbd307f5bada0f98669eca5af \
    --hash=sha256:f7aaf1ebbb79178a02ba248bb524f2176b256017e17e8e4bd4289c7b38cc2bad
    # via lakehouse-demo
colorama==0.4.6 ; os_name == 'nt' or sys_platform == 'win32' \
    --hash=sha256:08695f5cb7ed6e0531a20572697297273c47b8cae5a63ffc6d6ed5c201be6e44 \
    --hash=sha256:4f1d9991f5acc0ca119f9d443620b77f9d6b33703e51011c16baf57afb285fc6
    # via
    #   build
    #   pytest
iniconfig==2.3.0 \
    --hash=sha256:c76315c77db068650d49c5b56314774a7804df16fee4402c1f19d6d15d8c4730 \
    --hash=sha256:f631c04d2c48c52b84d0d0549c99ff3859c98df65b3101406327ecc7d53fbf12
    # via pytest
librt==0.15.0 ; platform_python_implementation != 'PyPy' \
    --hash=sha256:0a15cb554761247d84a3ec0cbdf4078d70725384f0e4662c0fa3b26266eb60ad \
    --hash=sha256:0f0ee3644d951f31055ad07d77d92520e84505dd7a432cc4cd501dd70ee06785 \
    --hash=sha256:1cd3b721f24c206398b9e26da3c3a9c011e6e89d06f318ba8ebefc30f1003890 \
    --hash=sha256:2067ff438048cead9d223ca5675bae2a25e520a7c3e6c1498bf9c6892d22caab \
    --hash=sha256:234d8d394721fa0d786af15ebf1f3fb7f3ed82fd1cd0cde45c2f247b5d4281d2 \
    --hash=sha256:2cfd1a81a648806e6a7717be4cc4d1bb392fa229752bf8444ba365e381e984d6 \
    --hash=sha256:4e66cbe84437497d951b799d3e1551291b6fb3d643820a7014b3655d57a59162 \
    --hash=sha256:55456ea87d8df21808446d03817be2f65e20391c1c615d9187440dff28cd08dc \
    --hash=sha256:5a86a5a08c2235316bdb359d5dbb6ce0abfca7fac06363103e2c5af571d92f95 \
    --hash=sha256:6d28a05796b99f749bf8794f17ba9ba1612d0076b802e9cfc62c554634e9ce3b \
    --hash=sha256:6d5225ef8801e4ea5e482fa9b5dfb891dd9ef6f6d870f1f25d449ca2c70ac218 \
    --hash=sha256:a6cd22c9da0d866558e46a041f1cc0c2bbb26b61b137b2347fa834c332e1d101 \
    --hash=sha256:aa1f1995789dca3698bc550aaceb09a51bd5df0a057ff84ff15296cd1975b801 \
    --hash=sha256:d8363d7accb0286ac3a0e633f396e93800dafb8150494505daf9515bbda591f3 \
    --hash=sha256:db13ca398005abcbe538deda87b686d9bd08b7001cf40c4c06b444960ae10a26 \
    --hash=sha256:e56b6a368529bed262da40ce13f8fef590db0479819cca84f16a1f01ac356d0b \
    --hash=sha256:f395a4a9a03ac062dbe9a9f82e0c720502e590a38feee6a757bc82e9c63afbd8
    # via mypy
mypy==2.3.1 \
    --hash=sha256:114dff494000f18bd10d5d95d84b8567b26da60279ecbe838131841df20e635d \
    --hash=sha256:1c80fbc405ed8020f5ff3802dc18cf060197bcdd3fbdd6a26ef2fd34dfdd5226 \
    --hash=sha256:47c1b1207258513a9d93495f69c8be9de73916186f0e52703e8c461b7a623419 \
    --hash=sha256:6ed5c7e3419083268e5c9258bd1c1ef91af44a9e89374dbcaf37b775716e72eb \
    --hash=sha256:77ad9529e67dca28e511f5cd5671436584ce91f6d3bac159a353158187b986ac \
    --hash=sha256:84081f538ce27375045c02e3d7f81bd11d853400621ae245d87ce7b6c420ec74 \
    --hash=sha256:c8637731bb5eee3671eb2c3200827aa3564ed8a9309ecee4d1afe77e6d031bdb \
    --hash=sha256:e9144ac16fde007096f9563eb2041b4433c2d705c4218edeb79e7e9d01035ee6
    # via lakehouse-demo
mypy-extensions==1.1.0 \
    --hash=sha256:1be4cccdb0f2482337c4743e60421de3a356cd97508abadd57d47403e94f5505 \
    --hash=sha256:52e68efc3284861e772bbcd66823fde5ae21fd2fdb51c62a211403730b916558
    # via mypy
packaging==26.3 \
    --hash=sha256:94edc256424af38762eb31306eed28beb9f0efc50a8837492c9d6fd6004aed79 \
    --hash=sha256:d7193f7c8e4e93f444fde0262bf90af30e16fa0ad0ad44cb553c87339b23cd1c
    # via
    #   build
    #   pytest
pathspec==1.1.1 \
    --hash=sha256:17db5ecd524104a120e173814c90367a96a98d07c45b2e10c2f3919fff91bf5a \
    --hash=sha256:a00ce642f577bf7f473932318056212bc4f8bfdf53128c78bbd5af0b9b20b189
    # via mypy
pluggy==1.6.0 \
    --hash=sha256:7dcc130b76258d33b90f61b658791dede3486c3e6bfb003ee5c9bfb396dd22f3 \
    --hash=sha256:e920276dd6813095e9377c0bc5566d94c932c33b27a3e3945d8389c374dd4746
    # via pytest
py4j==0.10.9.9 \
    --hash=sha256:c7c26e4158defb37b0bb124933163641a2ff6e3a3913f7811b0ddbe07ed61533 \
    --hash=sha256:f694cad19efa5bd1dee4f3e5270eb406613c974394035e5bfc4ec1aba870b879
    # via pyspark
pygments==2.21.0 \
    --hash=sha256:2363c69b61c4a97c838da3b130dcd6468f4848992b21a82f2a63ec34377137d9 \
    --hash=sha256:610ca751c9bc2492b38eb9a38a7fbc93edbbb2d7182edaf34e66ae493dee5c8c
    # via pytest
pyproject-hooks==1.2.0 \
    --hash=sha256:1e859bd5c40fae9448642dd871adf459e5e2084186e8d2c2a79a824c970da1f8 \
    --hash=sha256:9e5c6bfa8dcc30091c74b0cf803c81fdd29d94f01992a7707bc97babb1141913
    # via build
pyspark==4.1.3 \
    --hash=sha256:b600238e771e45618a58beaf9d63cfd9aa06f61ce193244cedf890a04a4409f7
    # via lakehouse-demo
pytest==9.1.1 \
    --hash=sha256:1088fbde8f2b49d95a549a195707afa7a76a3ce9bcadc26b6d71f0ffda5fe313 \
    --hash=sha256:37a86b45efb9a47a61a36449063e8e18d0cab3161329fc099eb21783169c4f0c
    # via lakehouse-demo
ruff==0.16.6 \
    --hash=sha256:0700580ed5303723cb3c11c2f1d2a8913ce77b7ea86646dddb887f5417a9ba70 \
    --hash=sha256:0b87d9d16fcb63e8018423ca1d50b7260f15cb2da33e30db4baad4183a948c25 \
    --hash=sha256:10d21c51c3495d8eaea7b703a16592117ea6eb1d649e36335aa965ff1173eb39 \
    --hash=sha256:15f1d0b6e165a6e56567befb6629f8209271311d990bae0f37e6d065035ef5f3 \
    --hash=sha256:31b36f1e5ad85e0737f09d2be4e512e2e283583c14015da3b9dc07359ac0fc88 \
    --hash=sha256:56a67065e22efa6bc4d498299d3bb06c0c90aace8fac2068b5a12f9dc4d8d51d \
    --hash=sha256:61029b4ab4aa723fd3064fab96b1d814492596bf0c792679fffcbde1e1679953 \
    --hash=sha256:61c368c26bf8e973e5ab14a2772de587bc068ea3f9a277f673380749b4898fb8 \
    --hash=sha256:65a006baa18f33324325814c864daef03541d51564b98c517610ea756ab7003e \
    --hash=sha256:7a976c79b958f94e50a022a19f0f8c87387448020935ec14fc74331bd0a7f2c5 \
    --hash=sha256:7fbf89013f2bb3f6835a6038ff658dc8a1b38c98dc8e724b964168ad4e881876 \
    --hash=sha256:99b62ea33baf130f50368798d841f0d95527b6d817bf31817b65dd058f1d314c \
    --hash=sha256:9ac8998457832c2061709d900856b7ad271dace0cb41f346588d540162bfa718 \
    --hash=sha256:cd02a7bf1a21a8735228a3e8c95a9dc5cf86bd2a52194f4aaae2a5755b4de0f4 \
    --hash=sha256:d72c591a96986ee4268860e2b7235082129ca5e4cb9cbba653a4b57c11893757 \
    --hash=sha256:dcf8a73d2ff77e99dde91244b4da16feba7f14e6beeb4015dee7c5a909e99050 \
    --hash=sha256:e25cc89174874b176a157e4428d66761c2c0c006654419bf384f967f361ff1b1 \
    --hash=sha256:ecf4f068e2e123e43a26e9db4e19524cc56563912404e83bbfca375757e45a32
    # via lakehouse-demo
typing-extensions==4.16.0 \
    --hash=sha256:481caa481374e813c1b176ada14e97f1f67a4539ce9cfeb3f350d78d6370c2e8 \
    --hash=sha256:dc983d19a509c94dba722ee6abd33940f7c05a89e243c47e907eb4db6f1a43e5
    # via mypy
